huba@DESKTOP-1PSGD3C:/mnt/d/dev/devops/course1lab1/repository/Azure_Deploy_WebServer$ terraform plan -out solution.plan
data.azurerm_resource_group.main: Reading...
data.azurerm_resource_group.main: Read complete after 0s [id=/subscriptions/e2c7cd99-c3c5-4a90-9109-02e7d50f8311/resourceGroups/Azuredevops]
data.azurerm_image.main: Reading...
data.azurerm_image.main: Read complete after 1s [id=/subscriptions/e2c7cd99-c3c5-4a90-9109-02e7d50f8311/resourceGroups/Azuredevops/providers/Microsoft.Compute/images/ubuntuP1Image]

Terraform used the selected providers to generate the following execution plan. Resource actions are indicated with the      
following symbols:
  + create

Terraform will perform the following actions:

  # azurerm_availability_set.main will be created
  + resource "azurerm_availability_set" "main" {
      + id                           = (known after apply)
      + location                     = "southcentralus"
      + managed                      = true
      + name                         = "Prm1-availability-set"
      + platform_fault_domain_count  = 3
      + platform_update_domain_count = 5
      + resource_group_name          = "Azuredevops"
      + tags                         = {
          + "project" = "udacityP1"
        }
    }

  # azurerm_lb.main will be created
  + resource "azurerm_lb" "main" {
      + id                   = (known after apply)
      + location             = "southcentralus"
      + name                 = "Prm1-load-balancer"
      + private_ip_address   = (known after apply)
      + private_ip_addresses = (known after apply)
      + resource_group_name  = "Azuredevops"
      + sku                  = "Basic"
      + sku_tier             = "Regional"
      + tags                 = {
          + "project" = "udacityP1"
        }

      + frontend_ip_configuration {
          + gateway_load_balancer_frontend_ip_configuration_id = (known after apply)
          + id                                                 = (known after apply)
          + inbound_nat_rules                                  = (known after apply)
          + load_balancer_rules                                = (known after apply)
          + name                                               = "Prm1-load-balancer-frontend"
          + outbound_rules                                     = (known after apply)
          + private_ip_address                                 = (known after apply)
          + private_ip_address_allocation                      = (known after apply)
          + private_ip_address_version                         = (known after apply)
          + public_ip_address_id                               = (known after apply)
          + public_ip_prefix_id                                = (known after apply)
          + subnet_id                                          = (known after apply)
        }
    }

  # azurerm_lb_backend_address_pool.main will be created
  + resource "azurerm_lb_backend_address_pool" "main" {
      + backend_ip_configurations = (known after apply)
      + id                        = (known after apply)
      + inbound_nat_rules         = (known after apply)
      + load_balancing_rules      = (known after apply)
      + loadbalancer_id           = (known after apply)
      + name                      = "backend-adress-pool"
      + outbound_rules            = (known after apply)
    }

  # azurerm_linux_virtual_machine.main[0] will be created
  + resource "azurerm_linux_virtual_machine" "main" {
      + admin_password                  = (sensitive value)
      + admin_username                  = (sensitive)
      + allow_extension_operations      = true
      + availability_set_id             = (known after apply)
      + computer_name                   = (known after apply)
      + disable_password_authentication = false
      + extensions_time_budget          = "PT1H30M"
      + id                              = (known after apply)
      + location                        = "southcentralus"
      + max_bid_price                   = -1
      + name                            = "Prm1-vm0"
      + network_interface_ids           = (known after apply)
      + patch_mode                      = "ImageDefault"
      + platform_fault_domain           = -1
      + priority                        = "Regular"
      + private_ip_address              = (known after apply)
      + private_ip_addresses            = (known after apply)
      + provision_vm_agent              = true
      + public_ip_address               = (known after apply)
      + public_ip_addresses             = (known after apply)
      + resource_group_name             = "Azuredevops"
      + size                            = "Standard_D2s_v3"
      + source_image_id                 = "/subscriptions/e2c7cd99-c3c5-4a90-9109-02e7d50f8311/resourceGroups/Azuredevops/providers/Microsoft.Compute/images/ubuntuP1Image"
      + tags                            = {
          + "project" = "udacityP1"
        }
      + virtual_machine_id              = (known after apply)

      + os_disk {
          + caching                   = "ReadWrite"
          + disk_size_gb              = (known after apply)
          + name                      = (known after apply)
          + storage_account_type      = "Standard_LRS"
          + write_accelerator_enabled = false
        }

      + termination_notification {
          + enabled = (known after apply)
          + timeout = (known after apply)
        }
    }

  # azurerm_linux_virtual_machine.main[1] will be created
  + resource "azurerm_linux_virtual_machine" "main" {
      + admin_password                  = (sensitive value)
      + admin_username                  = (sensitive)
      + allow_extension_operations      = true
      + availability_set_id             = (known after apply)
      + computer_name                   = (known after apply)
      + disable_password_authentication = false
      + extensions_time_budget          = "PT1H30M"
      + id                              = (known after apply)
      + location                        = "southcentralus"
      + max_bid_price                   = -1
      + name                            = "Prm1-vm1"
      + network_interface_ids           = (known after apply)
      + patch_mode                      = "ImageDefault"
      + platform_fault_domain           = -1
      + priority                        = "Regular"
      + private_ip_address              = (known after apply)
      + private_ip_addresses            = (known after apply)
      + provision_vm_agent              = true
      + public_ip_address               = (known after apply)
      + public_ip_addresses             = (known after apply)
      + resource_group_name             = "Azuredevops"
      + size                            = "Standard_D2s_v3"
      + source_image_id                 = "/subscriptions/e2c7cd99-c3c5-4a90-9109-02e7d50f8311/resourceGroups/Azuredevops/providers/Microsoft.Compute/images/ubuntuP1Image"
      + tags                            = {
          + "project" = "udacityP1"
        }
      + virtual_machine_id              = (known after apply)

      + os_disk {
          + caching                   = "ReadWrite"
          + disk_size_gb              = (known after apply)
          + name                      = (known after apply)
          + storage_account_type      = "Standard_LRS"
          + write_accelerator_enabled = false
        }

      + termination_notification {
          + enabled = (known after apply)
          + timeout = (known after apply)
        }
    }

  # azurerm_managed_disk.main[0] will be created
  + resource "azurerm_managed_disk" "main" {
      + create_option                 = "Empty"
      + disk_iops_read_only           = (known after apply)
      + disk_iops_read_write          = (known after apply)
      + disk_mbps_read_only           = (known after apply)
      + disk_mbps_read_write          = (known after apply)
      + disk_size_gb                  = 1
      + id                            = (known after apply)
      + location                      = "southcentralus"
      + logical_sector_size           = (known after apply)
      + max_shares                    = (known after apply)
      + name                          = "Prm1-managed-disk-00-0"
      + public_network_access_enabled = true
      + resource_group_name           = "Azuredevops"
      + source_uri                    = (known after apply)
      + storage_account_type          = "Standard_LRS"
      + tags                          = {
          + "project" = "udacityP1"
        }
      + tier                          = (known after apply)
    }

  # azurerm_managed_disk.main[1] will be created
  + resource "azurerm_managed_disk" "main" {
      + create_option                 = "Empty"
      + disk_iops_read_only           = (known after apply)
      + disk_iops_read_write          = (known after apply)
      + disk_mbps_read_only           = (known after apply)
      + disk_mbps_read_write          = (known after apply)
      + disk_size_gb                  = 1
      + id                            = (known after apply)
      + location                      = "southcentralus"
      + logical_sector_size           = (known after apply)
      + max_shares                    = (known after apply)
      + name                          = "Prm1-managed-disk-00-1"
      + public_network_access_enabled = true
      + resource_group_name           = "Azuredevops"
      + source_uri                    = (known after apply)
      + storage_account_type          = "Standard_LRS"
      + tags                          = {
          + "project" = "udacityP1"
        }
      + tier                          = (known after apply)
    }

  # azurerm_network_interface.main[0] will be created
  + resource "azurerm_network_interface" "main" {
      + applied_dns_servers           = (known after apply)
      + dns_servers                   = (known after apply)
      + enable_accelerated_networking = false
      + enable_ip_forwarding          = false
      + id                            = (known after apply)
      + internal_dns_name_label       = (known after apply)
      + internal_domain_name_suffix   = (known after apply)
      + location                      = "southcentralus"
      + mac_address                   = (known after apply)
      + name                          = "Prm1-network-interface0"
      + private_ip_address            = (known after apply)
      + private_ip_addresses          = (known after apply)
      + resource_group_name           = "Azuredevops"
      + tags                          = {
          + "project" = "udacityP1"
        }
      + virtual_machine_id            = (known after apply)

      + ip_configuration {
          + gateway_load_balancer_frontend_ip_configuration_id = (known after apply)
          + name                                               = "internal"
          + primary                                            = (known after apply)
          + private_ip_address                                 = (known after apply)
          + private_ip_address_allocation                      = "Dynamic"
          + private_ip_address_version                         = "IPv4"
          + subnet_id                                          = (known after apply)
        }
    }

  # azurerm_network_interface.main[1] will be created
  + resource "azurerm_network_interface" "main" {
      + applied_dns_servers           = (known after apply)
      + dns_servers                   = (known after apply)
      + enable_accelerated_networking = false
      + enable_ip_forwarding          = false
      + id                            = (known after apply)
      + internal_dns_name_label       = (known after apply)
      + internal_domain_name_suffix   = (known after apply)
      + location                      = "southcentralus"
      + mac_address                   = (known after apply)
      + name                          = "Prm1-network-interface1"
      + private_ip_address            = (known after apply)
      + private_ip_addresses          = (known after apply)
      + resource_group_name           = "Azuredevops"
      + tags                          = {
          + "project" = "udacityP1"
        }
      + virtual_machine_id            = (known after apply)

      + ip_configuration {
          + gateway_load_balancer_frontend_ip_configuration_id = (known after apply)
          + name                                               = "internal"
          + primary                                            = (known after apply)
          + private_ip_address                                 = (known after apply)
          + private_ip_address_allocation                      = "Dynamic"
          + private_ip_address_version                         = "IPv4"
          + subnet_id                                          = (known after apply)
        }
    }

  # azurerm_network_interface_backend_address_pool_association.main[0] will be created
  + resource "azurerm_network_interface_backend_address_pool_association" "main" {
      + backend_address_pool_id = (known after apply)
      + id                      = (known after apply)
      + ip_configuration_name   = "internal"
      + network_interface_id    = (known after apply)
    }

  # azurerm_network_interface_backend_address_pool_association.main[1] will be created
  + resource "azurerm_network_interface_backend_address_pool_association" "main" {
      + backend_address_pool_id = (known after apply)
      + id                      = (known after apply)
      + ip_configuration_name   = "internal"
      + network_interface_id    = (known after apply)
    }

  # azurerm_network_security_group.main will be created
  + resource "azurerm_network_security_group" "main" {
      + id                  = (known after apply)
      + location            = "southcentralus"
      + name                = "Prm1-security-group"
      + resource_group_name = "Azuredevops"
      + security_rule       = (known after apply)
      + tags                = {
          + "project" = "udacityP1"
        }
    }

  # azurerm_network_security_rule.rule1 will be created
  + resource "azurerm_network_security_rule" "rule1" {
      + access                      = "Allow"
      + description                 = "description-ssh"
      + destination_address_prefix  = "*"
      + destination_port_range      = "22"
      + direction                   = "Inbound"
      + id                          = (known after apply)
      + name                        = "inboundAccessSSH"
      + network_security_group_name = "Prm1-security-group"
      + priority                    = 100
      + protocol                    = "Tcp"
      + resource_group_name         = "Azuredevops"
      + source_address_prefix       = "10.0.0.0/24"
      + source_port_range           = "*"
    }

  # azurerm_network_security_rule.rule2 will be created
  + resource "azurerm_network_security_rule" "rule2" {
      + access                      = "Deny"
      + destination_address_prefix  = "10.0.0.0/24"
      + destination_port_range      = "*"
      + direction                   = "Inbound"
      + id                          = (known after apply)
      + name                        = "DenyAllInbound"
      + network_security_group_name = "Prm1-security-group"
      + priority                    = 300
      + protocol                    = "*"
      + resource_group_name         = "Azuredevops"
      + source_address_prefix       = "*"
      + source_port_range           = "*"
    }

  # azurerm_public_ip.main will be created
  + resource "azurerm_public_ip" "main" {
      + allocation_method       = "Dynamic"
      + fqdn                    = (known after apply)
      + id                      = (known after apply)
      + idle_timeout_in_minutes = 4
      + ip_address              = (known after apply)
      + ip_version              = "IPv4"
      + location                = "southcentralus"
      + name                    = "Prm1-public-ip"
      + resource_group_name     = "Azuredevops"
      + sku                     = "Basic"
      + sku_tier                = "Regional"
      + tags                    = {
          + "project" = "udacityP1"
        }
    }

  # azurerm_subnet.internal will be created
  + resource "azurerm_subnet" "internal" {
      + address_prefixes                               = [
          + "10.0.2.0/24",
        ]
      + enforce_private_link_endpoint_network_policies = (known after apply)
      + enforce_private_link_service_network_policies  = (known after apply)
      + id                                             = (known after apply)
      + name                                           = "internal"
      + private_endpoint_network_policies_enabled      = (known after apply)
      + private_link_service_network_policies_enabled  = (known after apply)
      + resource_group_name                            = "Azuredevops"
      + virtual_network_name                           = "Prm1-network"
    }

  # azurerm_virtual_network.main will be created
  + resource "azurerm_virtual_network" "main" {
      + address_space       = [
          + "10.0.0.0/22",
        ]
      + dns_servers         = (known after apply)
      + guid                = (known after apply)
      + id                  = (known after apply)
      + location            = "southcentralus"
      + name                = "Prm1-network"
      + resource_group_name = "Azuredevops"
      + subnet              = (known after apply)
      + tags                = {
          + "project" = "udacityP1"
        }
    }

Plan: 17 to add, 0 to change, 0 to destroy.

──────────────────────────────────────────────────────────────────────────────────────────────────────────────────────────── 

Saved the plan to: solution.plan

To perform exactly these actions, run the following command to apply:
    terraform apply "solution.plan"